
Microsoft Visual Studio Solution File, Format Version 12.00
# Visual Studio Version 16
VisualStudioVersion = 16.0.31624.102
MinimumVisualStudioVersion = 10.0.40219.1
Project("{9A19103F-16F7-4668-BE54-9A1E7A4F7556}") = "ConsoleApp1", "ConsoleApp1\ConsoleApp1.csproj", "{1B72C15D-F4A5-48DD-A318-E45021ACC8EE}"
EndProject
Project("{9A19103F-16F7-4668-BE54-9A1E7A4F7556}") = "ConsoleApp2", "ConsoleApp2\ConsoleApp2.csproj", "{25B602C4-09BC-4CE0-AA22-6C26D3FADEEB}"
EndProject
Project("{9A19103F-16F7-4668-BE54-9A1E7A4F7556}") = "ConsoleApp3", "ConsoleApp3\ConsoleApp3.csproj", "{18FD0247-CCDC-482B-AD85-B0CB137D641E}"
EndProject
Project("{9A19103F-16F7-4668-BE54-9A1E7A4F7556}") = "ConsoleApp4", "ConsoleApp4\ConsoleApp4.csproj", "{B32ED080-7A8E-4F95-93CD-90974E175883}"
EndProject
Project("{FAE04EC0-301F-11D3-BF4B-00C04F79EFBC}") = "ConsoleApp5", "ConsoleApp5\ConsoleApp5.csproj", "{331085A1-0699-4800-BB21-0A9085CF94AD}"
EndProject
Global
	GlobalSection(SolutionConfigurationPlatforms) = preSolution
		Debug|Any CPU = Debug|Any CPU
		Release|Any CPU = Release|Any CPU
	EndGlobalSection
	GlobalSection(ProjectConfigurationPlatforms) = postSolution
		{1B72C15D-F4A5-48DD-A318-E45021ACC8EE}.Debug|Any CPU.ActiveCfg = Debug|Any CPU
		{1B72C15D-F4A5-48DD-A318-E45021ACC8EE}.Debug|Any CPU.Build.0 = Debug|Any CPU
		{1B72C15D-F4A5-48DD-A318-E45021ACC8EE}.Release|Any CPU.ActiveCfg = Release|Any CPU
		{1B72C15D-F4A5-48DD-A318-E45021ACC8EE}.Release|Any CPU.Build.0 = Release|Any CPU
		{25B602C4-09BC-4CE0-AA22-6C26D3FADEEB}.Debug|Any CPU.ActiveCfg = Debug|Any CPU
		{25B602C4-09BC-4CE0-AA22-6C26D3FADEEB}.Debug|Any CPU.Build.0 = Debug|Any CPU
		{25B602C4-09BC-4CE0-AA22-6C26D3FADEEB}.Release|Any CPU.ActiveCfg = Release|Any CPU
		{25B602C4-09BC-4CE0-AA22-6C26D3FADEEB}.Release|Any CPU.Build.0 = Release|Any CPU
		{18FD0247-CCDC-482B-AD85-B0CB137D641E}.Debug|Any CPU.ActiveCfg = Debug|Any CPU
		{18FD0247-CCDC-482B-AD85-B0CB137D641E}.Debug|Any CPU.Build.0 = Debug|Any CPU
		{18FD0247-CCDC-482B-AD85-B0CB137D641E}.Release|Any CPU.ActiveCfg = Release|Any CPU
		{18FD0247-CCDC-482B-AD85-B0CB137D641E}.Release|Any CPU.Build.0 = Release|Any CPU
		{B32ED080-7A8E-4F95-93CD-90974E175883}.Debug|Any CPU.ActiveCfg = Debug|Any CPU
		{B32ED080-7A8E-4F95-93CD-90974E175883}.Debug|Any CPU.Build.0 = Debug|Any CPU
		{B32ED080-7A8E-4F95-93CD-90974E175883}.Release|Any CPU.ActiveCfg = Release|Any CPU
		{B32ED080-7A8E-4F95-93CD-90974E175883}.Release|Any CPU.Build.0 = Release|Any CPU
		{331085A1-0699-4800-BB21-0A9085CF94AD}.Debug|Any CPU.ActiveCfg = Debug|Any CPU
		{331085A1-0699-4800-BB21-0A9085CF94AD}.Debug|Any CPU.Build.0 = Debug|Any CPU
		{331085A1-0699-4800-BB21-0A9085CF94AD}.Release|Any CPU.ActiveCfg = Release|Any CPU
		{331085A1-0699-4800-BB21-0A9085CF94AD}.Release|Any CPU.Build.0 = Release|Any CPU
	EndGlobalSection
	GlobalSection(SolutionProperties) = preSolution
		HideSolutionNode = FALSE
	EndGlobalSection
	GlobalSection(ExtensibilityGlobals) = postSolution
		SolutionGuid = {85987286-D811-44EB-BD71-5E4922B9DFB9}
	EndGlobalSection
EndGlobal
